version = 1
revision = 1
requires-python = ">=3.12"

[[package]]
name = "attrs"
version = "25.3.0"
source = { registry = "https://pypi.org/simple" }
sdist = { url = "https://files.pythonhosted.org/packages/5a/b0/1367933a8532ee6ff8d63537de4f1177af4bff9f3e829baf7331f595bb24/attrs-25.3.0.tar.gz", hash = "sha256:75d7cefc7fb576747b2c81b4442d4d4a1ce0900973527c011d1030fd3bf4af1b", size = 812032 }
wheels = [
    { url = "https://files.pythonhosted.org/packages/77/06/bb80f5f86020c4551da315d78b3ab75e8228f89f0162f2c3a819e407941a/attrs-25.3.0-py3-none-any.whl", hash = "sha256:427318ce031701fea540783410126f03899a97ffc6f61596ad581ac2e40e3bc3", size = 63815 },
]

[[package]]
name = "cattrs"
version = "24.1.3"
source = { registry = "https://pypi.org/simple" }
dependencies = [
    { name = "attrs" },
]
sdist = { url = "https://files.pythonhosted.org/packages/29/7b/da4aa2f95afb2f28010453d03d6eedf018f9e085bd001f039e15731aba89/cattrs-24.1.3.tar.gz", hash = "sha256:981a6ef05875b5bb0c7fb68885546186d306f10f0f6718fe9b96c226e68821ff", size = 426684 }
wheels = [
    { url = "https://files.pythonhosted.org/packages/3c/ee/d68a3de23867a9156bab7e0a22fb9a0305067ee639032a22982cf7f725e7/cattrs-24.1.3-py3-none-any.whl", hash = "sha256:adf957dddd26840f27ffbd060a6c4dd3b2192c5b7c2c0525ef1bd8131d8a83f5", size = 66462 },
]

[[package]]
name = "generator"
version = "2023.0.0a3"
source = { git = "https://github.com/microsoft/lsprotocol.git#a0db0dade9bcb110219d1078e5db0c828721068d" }
dependencies = [
    { name = "attrs" },
    { name = "cattrs" },
    { name = "importlib-resources" },
    { name = "jsonschema" },
]

[[package]]
name = "importlib-resources"
version = "6.5.2"
source = { registry = "https://pypi.org/simple" }
sdist = { url = "https://files.pythonhosted.org/packages/cf/8c/f834fbf984f691b4f7ff60f50b514cc3de5cc08abfc3295564dd89c5e2e7/importlib_resources-6.5.2.tar.gz", hash = "sha256:185f87adef5bcc288449d98fb4fba07cea78bc036455dd44c5fc4a2fe78fed2c", size = 44693 }
wheels = [
    { url = "https://files.pythonhosted.org/packages/a4/ed/1f1afb2e9e7f38a545d628f864d562a5ae64fe6f7a10e28ffb9b185b4e89/importlib_resources-6.5.2-py3-none-any.whl", hash = "sha256:789cfdc3ed28c78b67a06acb8126751ced69a3d5f79c095a98298cd8a760ccec", size = 37461 },
]

[[package]]
name = "jsonschema"
version = "4.23.0"
source = { registry = "https://pypi.org/simple" }
dependencies = [
    { name = "attrs" },
    { name = "jsonschema-specifications" },
    { name = "referencing" },
    { name = "rpds-py" },
]
sdist = { url = "https://files.pythonhosted.org/packages/38/2e/03362ee4034a4c917f697890ccd4aec0800ccf9ded7f511971c75451deec/jsonschema-4.23.0.tar.gz", hash = "sha256:d71497fef26351a33265337fa77ffeb82423f3ea21283cd9467bb03999266bc4", size = 325778 }
wheels = [
    { url = "https://files.pythonhosted.org/packages/69/4a/4f9dbeb84e8850557c02365a0eee0649abe5eb1d84af92a25731c6c0f922/jsonschema-4.23.0-py3-none-any.whl", hash = "sha256:fbadb6f8b144a8f8cf9f0b89ba94501d143e50411a1278633f56a7acf7fd5566", size = 88462 },
]

[[package]]
name = "jsonschema-specifications"
version = "2025.4.1"
source = { registry = "https://pypi.org/simple" }
dependencies = [
    { name = "referencing" },
]
sdist = { url = "https://files.pythonhosted.org/packages/bf/ce/46fbd9c8119cfc3581ee5643ea49464d168028cfb5caff5fc0596d0cf914/jsonschema_specifications-2025.4.1.tar.gz", hash = "sha256:630159c9f4dbea161a6a2205c3011cc4f18ff381b189fff48bb39b9bf26ae608", size = 15513 }
wheels = [
    { url = "https://files.pythonhosted.org/packages/01/0e/b27cdbaccf30b890c40ed1da9fd4a3593a5cf94dae54fb34f8a4b74fcd3f/jsonschema_specifications-2025.4.1-py3-none-any.whl", hash = "sha256:4653bffbd6584f7de83a67e0d620ef16900b390ddc7939d56684d6c81e33f1af", size = 18437 },
]

[[package]]
name = "lspgenerator"
version = "0.1.0"
source = { virtual = "." }
dependencies = [
    { name = "generator" },
]

[package.metadata]
requires-dist = [{ name = "generator", git = "https://github.com/microsoft/lsprotocol.git" }]

[[package]]
name = "referencing"
version = "0.36.2"
source = { registry = "https://pypi.org/simple" }
dependencies = [
    { name = "attrs" },
    { name = "rpds-py" },
    { name = "typing-extensions", marker = "python_full_version < '3.13'" },
]
sdist = { url = "https://files.pythonhosted.org/packages/2f/db/98b5c277be99dd18bfd91dd04e1b759cad18d1a338188c936e92f921c7e2/referencing-0.36.2.tar.gz", hash = "sha256:df2e89862cd09deabbdba16944cc3f10feb6b3e6f18e902f7cc25609a34775aa", size = 74744 }
wheels = [
    { url = "https://files.pythonhosted.org/packages/c1/b1/3baf80dc6d2b7bc27a95a67752d0208e410351e3feb4eb78de5f77454d8d/referencing-0.36.2-py3-none-any.whl", hash = "sha256:e8699adbbf8b5c7de96d8ffa0eb5c158b3beafce084968e2ea8bb08c6794dcd0", size = 26775 },
]

[[package]]
name = "rpds-py"
version = "0.25.0"
source = { registry = "https://pypi.org/simple" }
sdist = { url = "https://files.pythonhosted.org/packages/96/d2/7bed8453e53f6c9dea7ff4c19ee980fd87be607b2caf023d62c6579e6c30/rpds_py-0.25.0.tar.gz", hash = "sha256:4d97661bf5848dd9e5eb7ded480deccf9d32ce2cd500b88a26acbf7bd2864985", size = 26822 }
wheels = [
    { url = "https://files.pythonhosted.org/packages/ee/b5/819fd819dd66a65951749a2a475a0b4455fa3ad0b4f84eba5a7d785ac07b/rpds_py-0.25.0-cp312-cp312-macosx_10_12_x86_64.whl", hash = "sha256:89260601d497fa5957c3e46f10b16cfa2a4808ad4dd46cddc0b997461923a7d9", size = 364544 },
    { url = "https://files.pythonhosted.org/packages/bb/66/aea9c48e9f6d8f88b8ecf4ac7f6c6d742e005c33e0bdd46ce0d9f12aee27/rpds_py-0.25.0-cp312-cp312-macosx_11_0_arm64.whl", hash = "sha256:637ec39f97e342a3f76af739eda96800549d92f3aa27a2170b6dcbdffd49f480", size = 350634 },
    { url = "https://files.pythonhosted.org/packages/20/93/e5ee11a1b139f0064d82fff24265de881949e8be96453ec7cc26511e2216/rpds_py-0.25.0-cp312-cp312-manylinux_2_17_aarch64.manylinux2014_aarch64.whl", hash = "sha256:2bd08c82336412a39a598e5baccab2ee2d7bd54e9115c8b64f2febb45da5c368", size = 392993 },
    { url = "https://files.pythonhosted.org/packages/3e/46/751eb56baa015486dd353d22dcc12252c69ad30845bd87322702431fe519/rpds_py-0.25.0-cp312-cp312-manylinux_2_17_armv7l.manylinux2014_armv7l.whl", hash = "sha256:837fd066f974e5b98c69ac83ec594b79a2724a39a92a157b8651615e5032e530", size = 399671 },
    { url = "https://files.pythonhosted.org/packages/90/8f/8c2fe58710e1af0d730173078365cfbea217af7a50e4d4c15d8c125c2bf5/rpds_py-0.25.0-cp312-cp312-manylinux_2_17_ppc64le.manylinux2014_ppc64le.whl", hash = "sha256:653a066d2a4a332d4f8a11813e8124b643fa7b835b78468087a9898140469eee", size = 452889 },
    { url = "https://files.pythonhosted.org/packages/e1/60/5192ddcde55bc19055994c19cb294fb62494fe3b19f707d3572311a06057/rpds_py-0.25.0-cp312-cp312-manylinux_2_17_s390x.manylinux2014_s390x.whl", hash = "sha256:91a51499be506022b9f09facfc42f0c3a1c45969c0fc8f0bbebc8ff23ab9e531", size = 441069 },
    { url = "https://files.pythonhosted.org/packages/c4/0e/0cbcef1144cd9ed9e30bbcbfb98a823904fefa12b8ebc1e5a0426d8d6a7e/rpds_py-0.25.0-cp312-cp312-manylinux_2_17_x86_64.manylinux2014_x86_64.whl", hash = "sha256:eb91471640390a82744b164f8a0be4d7c89d173b1170713f9639c6bad61e9e64", size = 391281 },
    { url = "https://files.pythonhosted.org/packages/b9/e5/509a90ae0496af514c9f00fcbf8952cf3f9279e1c9a78738baa0e5c42b7a/rpds_py-0.25.0-cp312-cp312-manylinux_2_5_i686.manylinux1_i686.whl", hash = "sha256:28bd2969445acc2d6801a22f97a43134ae3cb18e7495d668bfaa8d82b8526cdc", size = 425308 },
    { url = "https://files.pythonhosted.org/packages/e3/61/248102bcc5f3943f337693131a07ad36fac3915d66edcd7d7c74df0770d0/rpds_py-0.25.0-cp312-cp312-musllinux_1_2_aarch64.whl", hash = "sha256:f933b35fa563f047896a70b69414dfb3952831817e4c4b3a6faa96737627f363", size = 570074 },
    { url = "https://files.pythonhosted.org/packages/7d/a1/34d1286b1b655fd2219e56587862f4a894f98d025cde58ae7bf9ed3d54be/rpds_py-0.25.0-cp312-cp312-musllinux_1_2_i686.whl", hash = "sha256:80b37b37525492250adc7cbca20ae7084f86eb3eb62414b624d2a400370853b1", size = 595438 },
    { url = "https://files.pythonhosted.org/packages/be/4a/413b8f664ffdbfa3b711e03328212ee26db9c2710f8148bcb21f379fb9b5/rpds_py-0.25.0-cp312-cp312-musllinux_1_2_x86_64.whl", hash = "sha256:864573b6440b770db5a8693547a8728d7fd32580d4903010a8eee0bb5b03b130", size = 561950 },
    { url = "https://files.pythonhosted.org/packages/f5/25/7c1a6461b704b1408591d9c3739a0cfa05f08a9bf3afc3f5f8cd8a86f5d5/rpds_py-0.25.0-cp312-cp312-win32.whl", hash = "sha256:ad4a896896346adab86d52b31163c39d49e4e94c829494b96cc064bff82c5851", size = 222692 },
    { url = "https://files.pythonhosted.org/packages/f2/43/891aeac02896d5a7eaa720c30cc2b960e6e5b9b6364db067a57a29597a99/rpds_py-0.25.0-cp312-cp312-win_amd64.whl", hash = "sha256:4fbec54cc42fa90ca69158d75f125febc4116b2d934e71c78f97de1388a8feb2", size = 235489 },
    { url = "https://files.pythonhosted.org/packages/0d/d9/6534d5a9d00038261894551ee8043267f17c019e6c0df3c7d822fb5914f1/rpds_py-0.25.0-cp313-cp313-macosx_10_12_x86_64.whl", hash = "sha256:4e5fe366fa53bd6777cf5440245366705338587b2cf8d61348ddaad744eb591a", size = 364375 },
    { url = "https://files.pythonhosted.org/packages/af/9d/f90c079635017cc50350cbbbf2c4fea7b2a75a24bea92211da1b0c52d55f/rpds_py-0.25.0-cp313-cp313-macosx_11_0_arm64.whl", hash = "sha256:54f925ff8d4443b7cae23a5215954abbf4736a3404188bde53c4d744ac001d89", size = 350284 },
    { url = "https://files.pythonhosted.org/packages/f9/04/b54c5b3abdccf03ca3ec3317bd68caaa7907a61fea063096ee08d128b6ed/rpds_py-0.25.0-cp313-cp313-manylinux_2_17_aarch64.manylinux2014_aarch64.whl", hash = "sha256:d58258a66255b2500ddaa4f33191ada5ec983a429c09eb151daf81efbb9aa115", size = 392107 },
    { url = "https://files.pythonhosted.org/packages/aa/99/001bc3ab81c1798ee4c7bba7950134258d899e566d6839b6696b47248f71/rpds_py-0.25.0-cp313-cp313-manylinux_2_17_armv7l.manylinux2014_armv7l.whl", hash = "sha256:8f3a57f08c558d0983a708bfe6d1265f47b5debff9b366b2f2091690fada055c", size = 398612 },
    { url = "https://files.pythonhosted.org/packages/00/e1/e22893e1043938811a50c857a5780e0a4e2da02dd10ac041ecca1044906a/rpds_py-0.25.0-cp313-cp313-manylinux_2_17_ppc64le.manylinux2014_ppc64le.whl", hash = "sha256:b7d60d42f1b9571341ad2322e748f7a60f9847546cd801a3a0eb72a1b54c6519", size = 452190 },
    { url = "https://files.pythonhosted.org/packages/fb/6c/7071e6d27e784ac33ab4ca048eb550b5fc4f381b29e9ba33254bc6e7eaf6/rpds_py-0.25.0-cp313-cp313-manylinux_2_17_s390x.manylinux2014_s390x.whl", hash = "sha256:a54b94b0e4de95aa92618906fb631779d9fde29b4bf659f482c354a3a79fd025", size = 440634 },
    { url = "https://files.pythonhosted.org/packages/57/17/7343ea3ec906ee8c2b64a956d702de5067e0058b5d2869fbfb4b11625112/rpds_py-0.25.0-cp313-cp313-manylinux_2_17_x86_64.manylinux2014_x86_64.whl", hash = "sha256:af1c2241919304cc2f90e7dcb3eb1c1df6fb4172dd338e629dd6410e48b3d1a0", size = 391000 },
    { url = "https://files.pythonhosted.org/packages/2b/ad/9b3c3e950108073448834f0548077e598588efa413ba8dcc91e7ad6ff59d/rpds_py-0.25.0-cp313-cp313-manylinux_2_5_i686.manylinux1_i686.whl", hash = "sha256:7d34547810bfd61acf8a441e8a3651e7a919e8e8aed29850be14a1b05cfc6f41", size = 424621 },
    { url = "https://files.pythonhosted.org/packages/57/06/bd99ca30a6e539c18c6175501c1dd7f9ef0640f7b1dc0b14b094785b509a/rpds_py-0.25.0-cp313-cp313-musllinux_1_2_aarch64.whl", hash = "sha256:66568caacf18542f0cf213db7adf3de2da6ad58c7bf2c4fafec0d81ae557443b", size = 569529 },
    { url = "https://files.pythonhosted.org/packages/c5/79/93381a25668466502adc082d3ce2a9ff35f8116e5e2711cedda0bfcfd699/rpds_py-0.25.0-cp313-cp313-musllinux_1_2_i686.whl", hash = "sha256:e49e4c3e899c32884d7828c91d6c3aff08d2f18857f50f86cc91187c31a4ca58", size = 594638 },
    { url = "https://files.pythonhosted.org/packages/91/ee/371ecc045d65af518e2210ad018892b1f7a7a21cd64661156b4d29dfd839/rpds_py-0.25.0-cp313-cp313-musllinux_1_2_x86_64.whl", hash = "sha256:20af08b0b2d5b196a2bcb70becf0b97ec5af579cee0ae6750b08a2eea3b6c77d", size = 561413 },
    { url = "https://files.pythonhosted.org/packages/34/c4/85e9853312b7e5de3c98f100280fbfd903e63936f49f6f11e4cd4eb53299/rpds_py-0.25.0-cp313-cp313-win32.whl", hash = "sha256:d3dc8d6ce8f001c80919bdb49d8b0b815185933a0b8e9cdeaea42b0b6f27eeb0", size = 222326 },
    { url = "https://files.pythonhosted.org/packages/65/c6/ac744cc5752b6f291b2cf13e19cd7ea3cafe68922239a3b95f05f39287b7/rpds_py-0.25.0-cp313-cp313-win_amd64.whl", hash = "sha256:113d134dc5a8d2503630ca2707b58a1bf5b1b3c69b35c7dab8690ee650c111b8", size = 234772 },
    { url = "https://files.pythonhosted.org/packages/4b/aa/dabab50a2fb321a12ffe4668087e5d0f9b06286ccb260d345bf01c79b07c/rpds_py-0.25.0-cp313-cp313t-macosx_10_12_x86_64.whl", hash = "sha256:6c72a4a8fab10bc96720ad40941bb471e3b1150fb8d62dab205d495511206cf1", size = 359693 },
    { url = "https://files.pythonhosted.org/packages/11/3d/acda0095fe54ee6c553d222fb3d275506f8db4198b6a72a69eef826d63c1/rpds_py-0.25.0-cp313-cp313t-macosx_11_0_arm64.whl", hash = "sha256:bb979162323f3534dce84b59f86e689a0761a2a300e0212bfaedfa80d4eb8100", size = 345911 },
    { url = "https://files.pythonhosted.org/packages/db/f3/fba9b387077f9b305fce27fe22bdb731b75bfe208ae005fd09a127eced05/rpds_py-0.25.0-cp313-cp313t-manylinux_2_17_aarch64.manylinux2014_aarch64.whl", hash = "sha256:35c8cb5dcf7d36d3adf2ae0730b60fb550a8feb6e432bee7ef84162a0d15714b", size = 387669 },
    { url = "https://files.pythonhosted.org/packages/a2/a7/b8dbcdc9a8f1e96b5abc58bdfc22f2845178279694a9294fe4feb66ae330/rpds_py-0.25.0-cp313-cp313t-manylinux_2_17_armv7l.manylinux2014_armv7l.whl", hash = "sha256:673ba018df5ae5e7b6c9a021d51ffe39c0ae1daa0041611ed27a0bca634b2d2e", size = 392202 },
    { url = "https://files.pythonhosted.org/packages/60/60/2d46ad24207114cdb341490387d5a77c845827ac03f2a37182a19d072738/rpds_py-0.25.0-cp313-cp313t-manylinux_2_17_ppc64le.manylinux2014_ppc64le.whl", hash = "sha256:16fb28d3a653f67c871a47c5ca0be17bce9fab8adb8bcf7bd09f3771b8c4d860", size = 450080 },
    { url = "https://files.pythonhosted.org/packages/85/ae/b1966ca161942f2edf0b2c4fb448b88c19bdb37e982d0907c4b484eb0bbc/rpds_py-0.25.0-cp313-cp313t-manylinux_2_17_s390x.manylinux2014_s390x.whl", hash = "sha256:12a84c3851f9e68633d883c01347db3cb87e6160120a489f9c47162cd276b0a5", size = 438189 },
    { url = "https://files.pythonhosted.org/packages/a8/b0/0a8bff40865e27fc8cd7bdf667958981794ccf5e7989890ae96c89112920/rpds_py-0.25.0-cp313-cp313t-manylinux_2_17_x86_64.manylinux2014_x86_64.whl", hash = "sha256:6b5f457afffb45d3804728a54083e31fbaf460e902e3f7d063e56d0d0814301e", size = 387925 },
    { url = "https://files.pythonhosted.org/packages/a5/5d/62abbc77e18f9e67556ead54c84a7c662f39236b7a41cf1a39a24bf5e79f/rpds_py-0.25.0-cp313-cp313t-manylinux_2_5_i686.manylinux1_i686.whl", hash = "sha256:9442cbff21122e9a529b942811007d65eabe4182e7342d102caf119b229322c6", size = 417682 },
    { url = "https://files.pythonhosted.org/packages/5d/eb/2f65e4332e3566d06c5ccad64441b1eaaf58a6c5999d533720f1f47d3118/rpds_py-0.25.0-cp313-cp313t-musllinux_1_2_aarch64.whl", hash = "sha256:383cf0d4288baf5a16812ed70d54ecb7f2064e255eb7fe42c38e926adeae4534", size = 565244 },
    { url = "https://files.pythonhosted.org/packages/02/3a/ae5f68ab4879d6fbe3abec3139eab1664c3372d8b42864ab940a4940a61c/rpds_py-0.25.0-cp313-cp313t-musllinux_1_2_i686.whl", hash = "sha256:0dcdee07ebf76223092666c72a9552db276fbe46b98830ecd1bb836cc98adc81", size = 590459 },
    { url = "https://files.pythonhosted.org/packages/c3/f6/ada6c3d9b803a9eb7bc9c8b3f3cebf7d779bbbb056cd7e3fc150e4c74c00/rpds_py-0.25.0-cp313-cp313t-musllinux_1_2_x86_64.whl", hash = "sha256:5bbfbd9c74c4dd74815bd532bf29bedea6d27d38f35ef46f9754172a14e4c655", size = 558335 },
    { url = "https://files.pythonhosted.org/packages/68/9a/7d269e8f1bfe3143e699334ca0b578e16b37e6505bf10dca8c02aa8addc8/rpds_py-0.25.0-cp313-cp313t-win32.whl", hash = "sha256:90dbd2c42cb6463c07020695800ae8f347e7dbeff09da2975a988e467b624539", size = 218761 },
    { url = "https://files.pythonhosted.org/packages/16/16/f5843b19b7bfd16d63b960cf4c646953010886cc62dd41b00854d77b0eed/rpds_py-0.25.0-cp313-cp313t-win_amd64.whl", hash = "sha256:8c2ad59c4342a176cb3e0d5753e1c911eabc95c210fc6d0e913c32bf560bf012", size = 232634 },
]

[[package]]
name = "typing-extensions"
version = "4.13.2"
source = { registry = "https://pypi.org/simple" }
sdist = { url = "https://files.pythonhosted.org/packages/f6/37/23083fcd6e35492953e8d2aaaa68b860eb422b34627b13f2ce3eb6106061/typing_extensions-4.13.2.tar.gz", hash = "sha256:e6c81219bd689f51865d9e372991c540bda33a0379d5573cddb9a3a23f7caaef", size = 106967 }
wheels = [
    { url = "https://files.pythonhosted.org/packages/8b/54/b1ae86c0973cc6f0210b53d508ca3641fb6d0c56823f288d108bc7ab3cc8/typing_extensions-4.13.2-py3-none-any.whl", hash = "sha256:a439e7c04b49fec3e5d3e2beaa21755cadbbdc391694e28ccdd36ca4a1408f8c", size = 45806 },
]
